// !$*UTF8*$!
{
	archiveVersion = 1;
	classes = {
	};
	objectVersion = 56;
	objects = {

/* Begin PBXBuildFile section */
		C0969FD52B1F86340028BD61 /* Ash_To_CashApp.swift in Sources */ = {isa = PBXBuildFile; fileRef = C0969FD42B1F86340028BD61 /* Ash_To_CashApp.swift */; };
		C0969FD72B1F86340028BD61 /* ContentView.swift in Sources */ = {isa = PBXBuildFile; fileRef = C0969FD62B1F86340028BD61 /* ContentView.swift */; };
		C0969FD92B1F86340028BD61 /* Assets.xcassets in Resources */ = {isa = PBXBuildFile; fileRef = C0969FD82B1F86340028BD61 /* Assets.xcassets */; };
		C0969FDC2B1F86340028BD61 /* Preview Assets.xcassets in Resources */ = {isa = PBXBuildFile; fileRef = C0969FDB2B1F86340028BD61 /* Preview Assets.xcassets */; };
		C0A32DFC2B2DE3B0001AFDD7 /* exampleonboard.swift in Sources */ = {isa = PBXBuildFile; fileRef = C0A32DFB2B2DE3B0001AFDD7 /* exampleonboard.swift */; };
		C0BF53E92B2868F500C13C29 /* OnBoarding.swift in Sources */ = {isa = PBXBuildFile; fileRef = C0BF53E82B2868F500C13C29 /* OnBoarding.swift */; };
		C0C09C352B20692300AD7332 /* AddCigarette.swift in Sources */ = {isa = PBXBuildFile; fileRef = C0C09C342B20692300AD7332 /* AddCigarette.swift */; };
		C0C09C372B20697E00AD7332 /* CigaretteStore.swift in Sources */ = {isa = PBXBuildFile; fileRef = C0C09C362B20697E00AD7332 /* CigaretteStore.swift */; };
		C0C09C392B207CC100AD7332 /* SingleCigaretteView.swift in Sources */ = {isa = PBXBuildFile; fileRef = C0C09C382B207CC100AD7332 /* SingleCigaretteView.swift */; };
		C0C09C3B2B2080E100AD7332 /* Emotion.swift in Sources */ = {isa = PBXBuildFile; fileRef = C0C09C3A2B2080E100AD7332 /* Emotion.swift */; };
		C0E75D202B2B4DB6008F3C3D /* SmokingModal.swift in Sources */ = {isa = PBXBuildFile; fileRef = C0E75D1F2B2B4DB6008F3C3D /* SmokingModal.swift */; };
		C0E75D222B2C5ACC008F3C3D /* TimerHandling.swift in Sources */ = {isa = PBXBuildFile; fileRef = C0E75D212B2C5ACC008F3C3D /* TimerHandling.swift */; };
		C0E75D242B2C90D5008F3C3D /* TabView.swift in Sources */ = {isa = PBXBuildFile; fileRef = C0E75D232B2C90D5008F3C3D /* TabView.swift */; };
		C0E75D262B2C9100008F3C3D /* ChartsView.swift in Sources */ = {isa = PBXBuildFile; fileRef = C0E75D252B2C9100008F3C3D /* ChartsView.swift */; };
		C0E75D282B2C9886008F3C3D /* UserData.swift in Sources */ = {isa = PBXBuildFile; fileRef = C0E75D272B2C9886008F3C3D /* UserData.swift */; };
		C0E75D2A2B2CE505008F3C3D /* QuitView.swift in Sources */ = {isa = PBXBuildFile; fileRef = C0E75D292B2CE505008F3C3D /* QuitView.swift */; };
		C0E75D2C2B2CE5FF008F3C3D /* QuittingSmokingView.swift in Sources */ = {isa = PBXBuildFile; fileRef = C0E75D2B2B2CE5FF008F3C3D /* QuittingSmokingView.swift */; };
		C0E75D312B2CF120008F3C3D /* LungLoop.gif in Resources */ = {isa = PBXBuildFile; fileRef = C0E75D302B2CF120008F3C3D /* LungLoop.gif */; };
/* End PBXBuildFile section */

/* Begin PBXFileReference section */
		C0969FD12B1F86340028BD61 /* Ash To Cash.app */ = {isa = PBXFileReference; explicitFileType = wrapper.application; includeInIndex = 0; path = "Ash To Cash.app"; sourceTree = BUILT_PRODUCTS_DIR; };
		C0969FD42B1F86340028BD61 /* Ash_To_CashApp.swift */ = {isa = PBXFileReference; lastKnownFileType = sourcecode.swift; path = Ash_To_CashApp.swift; sourceTree = "<group>"; };
		C0969FD62B1F86340028BD61 /* ContentView.swift */ = {isa = PBXFileReference; lastKnownFileType = sourcecode.swift; path = ContentView.swift; sourceTree = "<group>"; };
		C0969FD82B1F86340028BD61 /* Assets.xcassets */ = {isa = PBXFileReference; lastKnownFileType = folder.assetcatalog; path = Assets.xcassets; sourceTree = "<group>"; };
		C0969FDB2B1F86340028BD61 /* Preview Assets.xcassets */ = {isa = PBXFileReference; lastKnownFileType = folder.assetcatalog; path = "Preview Assets.xcassets"; sourceTree = "<group>"; };
		C0A32DFB2B2DE3B0001AFDD7 /* exampleonboard.swift */ = {isa = PBXFileReference; lastKnownFileType = sourcecode.swift; path = exampleonboard.swift; sourceTree = "<group>"; };
		C0BF53E82B2868F500C13C29 /* OnBoarding.swift */ = {isa = PBXFileReference; lastKnownFileType = sourcecode.swift; path = OnBoarding.swift; sourceTree = "<group>"; };
		C0C09C342B20692300AD7332 /* AddCigarette.swift */ = {isa = PBXFileReference; lastKnownFileType = sourcecode.swift; path = AddCigarette.swift; sourceTree = "<group>"; };
		C0C09C362B20697E00AD7332 /* CigaretteStore.swift */ = {isa = PBXFileReference; lastKnownFileType = sourcecode.swift; path = CigaretteStore.swift; sourceTree = "<group>"; };
		C0C09C382B207CC100AD7332 /* SingleCigaretteView.swift */ = {isa = PBXFileReference; lastKnownFileType = sourcecode.swift; path = SingleCigaretteView.swift; sourceTree = "<group>"; };
		C0C09C3A2B2080E100AD7332 /* Emotion.swift */ = {isa = PBXFileReference; lastKnownFileType = sourcecode.swift; path = Emotion.swift; sourceTree = "<group>"; };
		C0E75D1F2B2B4DB6008F3C3D /* SmokingModal.swift */ = {isa = PBXFileReference; lastKnownFileType = sourcecode.swift; path = SmokingModal.swift; sourceTree = "<group>"; };
		C0E75D212B2C5ACC008F3C3D /* TimerHandling.swift */ = {isa = PBXFileReference; lastKnownFileType = sourcecode.swift; path = TimerHandling.swift; sourceTree = "<group>"; };
		C0E75D232B2C90D5008F3C3D /* TabView.swift */ = {isa = PBXFileReference; lastKnownFileType = sourcecode.swift; path = TabView.swift; sourceTree = "<group>"; };
		C0E75D252B2C9100008F3C3D /* ChartsView.swift */ = {isa = PBXFileReference; lastKnownFileType = sourcecode.swift; path = ChartsView.swift; sourceTree = "<group>"; };
		C0E75D272B2C9886008F3C3D /* UserData.swift */ = {isa = PBXFileReference; lastKnownFileType = sourcecode.swift; path = UserData.swift; sourceTree = "<group>"; };
		C0E75D292B2CE505008F3C3D /* QuitView.swift */ = {isa = PBXFileReference; lastKnownFileType = sourcecode.swift; path = QuitView.swift; sourceTree = "<group>"; };
		C0E75D2B2B2CE5FF008F3C3D /* QuittingSmokingView.swift */ = {isa = PBXFileReference; lastKnownFileType = sourcecode.swift; path = QuittingSmokingView.swift; sourceTree = "<group>"; };
		C0E75D302B2CF120008F3C3D /* LungLoop.gif */ = {isa = PBXFileReference; lastKnownFileType = image.gif; path = LungLoop.gif; sourceTree = "<group>"; };
/* End PBXFileReference section */

/* Begin PBXFrameworksBuildPhase section */
		C0969FCE2B1F86340028BD61 /* Frameworks */ = {
			isa = PBXFrameworksBuildPhase;
			buildActionMask = 2147483647;
			files = (
			);
			runOnlyForDeploymentPostprocessing = 0;
		};
/* End PBXFrameworksBuildPhase section */

/* Begin PBXGroup section */
		C0969FC82B1F86340028BD61 = {
			isa = PBXGroup;
			children = (
				C0969FD32B1F86340028BD61 /* Ash To Cash */,
				C0969FD22B1F86340028BD61 /* Products */,
			);
			sourceTree = "<group>";
		};
		C0969FD22B1F86340028BD61 /* Products */ = {
			isa = PBXGroup;
			children = (
				C0969FD12B1F86340028BD61 /* Ash To Cash.app */,
			);
			name = Products;
			sourceTree = "<group>";
		};
		C0969FD32B1F86340028BD61 /* Ash To Cash */ = {
			isa = PBXGroup;
			children = (
				C0969FD42B1F86340028BD61 /* Ash_To_CashApp.swift */,
				C0E75D302B2CF120008F3C3D /* LungLoop.gif */,
				C0969FD62B1F86340028BD61 /* ContentView.swift */,
				C0E75D232B2C90D5008F3C3D /* TabView.swift */,
				C0E75D252B2C9100008F3C3D /* ChartsView.swift */,
				C0E75D292B2CE505008F3C3D /* QuitView.swift */,
				C0E75D1F2B2B4DB6008F3C3D /* SmokingModal.swift */,
				C0E75D2B2B2CE5FF008F3C3D /* QuittingSmokingView.swift */,
				C0BF53E82B2868F500C13C29 /* OnBoarding.swift */,
				C0A32DFB2B2DE3B0001AFDD7 /* exampleonboard.swift */,
				C0E75D272B2C9886008F3C3D /* UserData.swift */,
				C0C09C382B207CC100AD7332 /* SingleCigaretteView.swift */,
				C0C09C342B20692300AD7332 /* AddCigarette.swift */,
				C0E75D212B2C5ACC008F3C3D /* TimerHandling.swift */,
				C0C09C3A2B2080E100AD7332 /* Emotion.swift */,
				C0C09C362B20697E00AD7332 /* CigaretteStore.swift */,
				C0969FD82B1F86340028BD61 /* Assets.xcassets */,
				C0969FDA2B1F86340028BD61 /* Preview Content */,
			);
			path = "Ash To Cash";
			sourceTree = "<group>";
		};
		C0969FDA2B1F86340028BD61 /* Preview Content */ = {
			isa = PBXGroup;
			children = (
				C0969FDB2B1F86340028BD61 /* Preview Assets.xcassets */,
			);
			path = "Preview Content";
			sourceTree = "<group>";
		};
/* End PBXGroup section */

/* Begin PBXNativeTarget section */
		C0969FD02B1F86340028BD61 /* Ash To Cash */ = {
			isa = PBXNativeTarget;
			buildConfigurationList = C0969FDF2B1F86340028BD61 /* Build configuration list for PBXNativeTarget "Ash To Cash" */;
			buildPhases = (
				C0969FCD2B1F86340028BD61 /* Sources */,
				C0969FCE2B1F86340028BD61 /* Frameworks */,
				C0969FCF2B1F86340028BD61 /* Resources */,
			);
			buildRules = (
			);
			dependencies = (
			);
			name = "Ash To Cash";
			productName = "Ash To Cash";
			productReference = C0969FD12B1F86340028BD61 /* Ash To Cash.app */;
			productType = "com.apple.product-type.application";
		};
/* End PBXNativeTarget section */

/* Begin PBXProject section */
		C0969FC92B1F86340028BD61 /* Project object */ = {
			isa = PBXProject;
			attributes = {
				BuildIndependentTargetsInParallel = 1;
				LastSwiftUpdateCheck = 1500;
				LastUpgradeCheck = 1500;
				TargetAttributes = {
					C0969FD02B1F86340028BD61 = {
						CreatedOnToolsVersion = 15.0;
					};
				};
			};
			buildConfigurationList = C0969FCC2B1F86340028BD61 /* Build configuration list for PBXProject "Ash To Cash" */;
			compatibilityVersion = "Xcode 14.0";
			developmentRegion = en;
			hasScannedForEncodings = 0;
			knownRegions = (
				en,
				Base,
			);
			mainGroup = C0969FC82B1F86340028BD61;
			productRefGroup = C0969FD22B1F86340028BD61 /* Products */;
			projectDirPath = "";
			projectRoot = "";
			targets = (
				C0969FD02B1F86340028BD61 /* Ash To Cash */,
			);
		};
/* End PBXProject section */

/* Begin PBXResourcesBuildPhase section */
		C0969FCF2B1F86340028BD61 /* Resources */ = {
			isa = PBXResourcesBuildPhase;
			buildActionMask = 2147483647;
			files = (
				C0969FDC2B1F86340028BD61 /* Preview Assets.xcassets in Resources */,
				C0E75D312B2CF120008F3C3D /* LungLoop.gif in Resources */,
				C0969FD92B1F86340028BD61 /* Assets.xcassets in Resources */,
			);
			runOnlyForDeploymentPostprocessing = 0;
		};
/* End PBXResourcesBuildPhase section */

/* Begin PBXSourcesBuildPhase section */
		C0969FCD2B1F86340028BD61 /* Sources */ = {
			isa = PBXSourcesBuildPhase;
			buildActionMask = 2147483647;
			files = (
				C0E75D282B2C9886008F3C3D /* UserData.swift in Sources */,
				C0E75D242B2C90D5008F3C3D /* TabView.swift in Sources */,
				C0C09C372B20697E00AD7332 /* CigaretteStore.swift in Sources */,
				C0E75D202B2B4DB6008F3C3D /* SmokingModal.swift in Sources */,
				C0969FD72B1F86340028BD61 /* ContentView.swift in Sources */,
				C0C09C352B20692300AD7332 /* AddCigarette.swift in Sources */,
				C0969FD52B1F86340028BD61 /* Ash_To_CashApp.swift in Sources */,
				C0E75D222B2C5ACC008F3C3D /* TimerHandling.swift in Sources */,
				C0E75D2A2B2CE505008F3C3D /* QuitView.swift in Sources */,
				C0E75D2C2B2CE5FF008F3C3D /* QuittingSmokingView.swift in Sources */,
				C0C09C392B207CC100AD7332 /* SingleCigaretteView.swift in Sources */,
				C0A32DFC2B2DE3B0001AFDD7 /* exampleonboard.swift in Sources */,
				C0C09C3B2B2080E100AD7332 /* Emotion.swift in Sources */,
				C0BF53E92B2868F500C13C29 /* OnBoarding.swift in Sources */,
				C0E75D262B2C9100008F3C3D /* ChartsView.swift in Sources */,
			);
			runOnlyForDeploymentPostprocessing = 0;
		};
/* End PBXSourcesBuildPhase section */

/* Begin XCBuildConfiguration section */
		C0969FDD2B1F86340028BD61 /* Debug */ = {
			isa = XCBuildConfiguration;
			buildSettings = {
				ALWAYS_SEARCH_USER_PATHS = NO;
				ASSETCATALOG_COMPILER_GENERATE_SWIFT_ASSET_SYMBOL_EXTENSIONS = YES;
				CLANG_ANALYZER_NONNULL = YES;
				CLANG_ANALYZER_NUMBER_OBJECT_CONVERSION = YES_AGGRESSIVE;
				CLANG_CXX_LANGUAGE_STANDARD = "gnu++20";
				CLANG_ENABLE_MODULES = YES;
				CLANG_ENABLE_OBJC_ARC = YES;
				CLANG_ENABLE_OBJC_WEAK = YES;
				CLANG_WARN_BLOCK_CAPTURE_AUTORELEASING = YES;
				CLANG_WARN_BOOL_CONVERSION = YES;
				CLANG_WARN_COMMA = YES;
				CLANG_WARN_CONSTANT_CONVERSION = YES;
				CLANG_WARN_DEPRECATED_OBJC_IMPLEMENTATIONS = YES;
				CLANG_WARN_DIRECT_OBJC_ISA_USAGE = YES_ERROR;
				CLANG_WARN_DOCUMENTATION_COMMENTS = YES;
				CLANG_WARN_EMPTY_BODY = YES;
				CLANG_WARN_ENUM_CONVERSION = YES;
				CLANG_WARN_INFINITE_RECURSION = YES;
				CLANG_WARN_INT_CONVERSION = YES;
				CLANG_WARN_NON_LITERAL_NULL_CONVERSION = YES;
				CLANG_WARN_OBJC_IMPLICIT_RETAIN_SELF = YES;
				CLANG_WARN_OBJC_LITERAL_CONVERSION = YES;
				CLANG_WARN_OBJC_ROOT_CLASS = YES_ERROR;
				CLANG_WARN_QUOTED_INCLUDE_IN_FRAMEWORK_HEADER = YES;
				CLANG_WARN_RANGE_LOOP_ANALYSIS = YES;
				CLANG_WARN_STRICT_PROTOTYPES = YES;
				CLANG_WARN_SUSPICIOUS_MOVE = YES;
				CLANG_WARN_UNGUARDED_AVAILABILITY = YES_AGGRESSIVE;
				CLANG_WARN_UNREACHABLE_CODE = YES;
				CLANG_WARN__DUPLICATE_METHOD_MATCH = YES;
				COPY_PHASE_STRIP = NO;
				DEBUG_INFORMATION_FORMAT = dwarf;
				ENABLE_STRICT_OBJC_MSGSEND = YES;
				ENABLE_TESTABILITY = YES;
				ENABLE_USER_SCRIPT_SANDBOXING = YES;
				GCC_C_LANGUAGE_STANDARD = gnu17;
				GCC_DYNAMIC_NO_PIC = NO;
				GCC_NO_COMMON_BLOCKS = YES;
				GCC_OPTIMIZATION_LEVEL = 0;
				GCC_PREPROCESSOR_DEFINITIONS = (
					"DEBUG=1",
					"$(inherited)",
				);
				GCC_WARN_64_TO_32_BIT_CONVERSION = YES;
				GCC_WARN_ABOUT_RETURN_TYPE = YES_ERROR;
				GCC_WARN_UNDECLARED_SELECTOR = YES;
				GCC_WARN_UNINITIALIZED_AUTOS = YES_AGGRESSIVE;
				GCC_WARN_UNUSED_FUNCTION = YES;
				GCC_WARN_UNUSED_VARIABLE = YES;
				IPHONEOS_DEPLOYMENT_TARGET = 17.0;
				LOCALIZATION_PREFERS_STRING_CATALOGS = YES;
				MTL_ENABLE_DEBUG_INFO = INCLUDE_SOURCE;
				MTL_FAST_MATH = YES;
				ONLY_ACTIVE_ARCH = YES;
				SDKROOT = iphoneos;
				SWIFT_ACTIVE_COMPILATION_CONDITIONS = "DEBUG $(inherited)";
				SWIFT_OPTIMIZATION_LEVEL = "-Onone";
			};
			name = Debug;
		};
		C0969FDE2B1F86340028BD61 /* Release */ = {
			isa = XCBuildConfiguration;
			buildSettings = {
				ALWAYS_SEARCH_USER_PATHS = NO;
				ASSETCATALOG_COMPILER_GENERATE_SWIFT_ASSET_SYMBOL_EXTENSIONS = YES;
				CLANG_ANALYZER_NONNULL = YES;
				CLANG_ANALYZER_NUMBER_OBJECT_CONVERSION = YES_AGGRESSIVE;
				CLANG_CXX_LANGUAGE_STANDARD = "gnu++20";
				CLANG_ENABLE_MODULES = YES;
				CLANG_ENABLE_OBJC_ARC = YES;
				CLANG_ENABLE_OBJC_WEAK = YES;
				CLANG_WARN_BLOCK_CAPTURE_AUTORELEASING = YES;
				CLANG_WARN_BOOL_CONVERSION = YES;
				CLANG_WARN_COMMA = YES;
				CLANG_WARN_CONSTANT_CONVERSION = YES;
				CLANG_WARN_DEPRECATED_OBJC_IMPLEMENTATIONS = YES;
				CLANG_WARN_DIRECT_OBJC_ISA_USAGE = YES_ERROR;
				CLANG_WARN_DOCUMENTATION_COMMENTS = YES;
				CLANG_WARN_EMPTY_BODY = YES;
				CLANG_WARN_ENUM_CONVERSION = YES;
				CLANG_WARN_INFINITE_RECURSION = YES;
				CLANG_WARN_INT_CONVERSION = YES;
				CLANG_WARN_NON_LITERAL_NULL_CONVERSION = YES;
				CLANG_WARN_OBJC_IMPLICIT_RETAIN_SELF = YES;
				CLANG_WARN_OBJC_LITERAL_CONVERSION = YES;
				CLANG_WARN_OBJC_ROOT_CLASS = YES_ERROR;
				CLANG_WARN_QUOTED_INCLUDE_IN_FRAMEWORK_HEADER = YES;
				CLANG_WARN_RANGE_LOOP_ANALYSIS = YES;
				CLANG_WARN_STRICT_PROTOTYPES = YES;
				CLANG_WARN_SUSPICIOUS_MOVE = YES;
				CLANG_WARN_UNGUARDED_AVAILABILITY = YES_AGGRESSIVE;
				CLANG_WARN_UNREACHABLE_CODE = YES;
				CLANG_WARN__DUPLICATE_METHOD_MATCH = YES;
				COPY_PHASE_STRIP = NO;
				DEBUG_INFORMATION_FORMAT = "dwarf-with-dsym";
				ENABLE_NS_ASSERTIONS = NO;
				ENABLE_STRICT_OBJC_MSGSEND = YES;
				ENABLE_USER_SCRIPT_SANDBOXING = YES;
				GCC_C_LANGUAGE_STANDARD = gnu17;
				GCC_NO_COMMON_BLOCKS = YES;
				GCC_WARN_64_TO_32_BIT_CONVERSION = YES;
				GCC_WARN_ABOUT_RETURN_TYPE = YES_ERROR;
				GCC_WARN_UNDECLARED_SELECTOR = YES;
				GCC_WARN_UNINITIALIZED_AUTOS = YES_AGGRESSIVE;
				GCC_WARN_UNUSED_FUNCTION = YES;
				GCC_WARN_UNUSED_VARIABLE = YES;
				IPHONEOS_DEPLOYMENT_TARGET = 17.0;
				LOCALIZATION_PREFERS_STRING_CATALOGS = YES;
				MTL_ENABLE_DEBUG_INFO = NO;
				MTL_FAST_MATH = YES;
				SDKROOT = iphoneos;
				SWIFT_COMPILATION_MODE = wholemodule;
				VALIDATE_PRODUCT = YES;
			};
			name = Release;
		};
		C0969FE02B1F86340028BD61 /* Debug */ = {
			isa = XCBuildConfiguration;
			buildSettings = {
				ASSETCATALOG_COMPILER_APPICON_NAME = AppIcon;
				ASSETCATALOG_COMPILER_GLOBAL_ACCENT_COLOR_NAME = AccentColor;
				CODE_SIGN_STYLE = Automatic;
				CURRENT_PROJECT_VERSION = 1;
				DEVELOPMENT_ASSET_PATHS = "\"Ash To Cash/Preview Content\"";
				DEVELOPMENT_TEAM = HR24WHR326;
				ENABLE_PREVIEWS = YES;
				GENERATE_INFOPLIST_FILE = YES;
				INFOPLIST_KEY_UIApplicationSceneManifest_Generation = YES;
				INFOPLIST_KEY_UIApplicationSupportsIndirectInputEvents = YES;
				INFOPLIST_KEY_UILaunchScreen_Generation = YES;
				INFOPLIST_KEY_UISupportedInterfaceOrientations_iPad = "UIInterfaceOrientationPortrait UIInterfaceOrientationPortraitUpsideDown UIInterfaceOrientationLandscapeLeft UIInterfaceOrientationLandscapeRight";
				INFOPLIST_KEY_UISupportedInterfaceOrientations_iPhone = "UIInterfaceOrientationPortrait UIInterfaceOrientationLandscapeLeft UIInterfaceOrientationLandscapeRight";
				LD_RUNPATH_SEARCH_PATHS = (
					"$(inherited)",
					"@executable_path/Frameworks",
				);
				MARKETING_VERSION = 1.0;
				PRODUCT_BUNDLE_IDENTIFIER = com.emanueledipietro;
				PRODUCT_NAME = "$(TARGET_NAME)";
				SWIFT_EMIT_LOC_STRINGS = YES;
				SWIFT_VERSION = 5.0;
				TARGETED_DEVICE_FAMILY = "1,2";
			};
			name = Debug;
		};
		C0969FE12B1F86340028BD61 /* Release */ = {
			isa = XCBuildConfiguration;
			buildSettings = {
				ASSETCATALOG_COMPILER_APPICON_NAME = AppIcon;
				ASSETCATALOG_COMPILER_GLOBAL_ACCENT_COLOR_NAME = AccentColor;
				CODE_SIGN_STYLE = Automatic;
				CURRENT_PROJECT_VERSION = 1;
				DEVELOPMENT_ASSET_PATHS = "\"Ash To Cash/Preview Content\"";
				DEVELOPMENT_TEAM = HR24WHR326;
				ENABLE_PREVIEWS = YES;
				GENERATE_INFOPLIST_FILE = YES;
				INFOPLIST_KEY_UIApplicationSceneManifest_Generation = YES;
				INFOPLIST_KEY_UIApplicationSupportsIndirectInputEvents = YES;
				INFOPLIST_KEY_UILaunchScreen_Generation = YES;
				INFOPLIST_KEY_UISupportedInterfaceOrientations_iPad = "UIInterfaceOrientationPortrait UIInterfaceOrientationPortraitUpsideDown UIInterfaceOrientationLandscapeLeft UIInterfaceOrientationLandscapeRight";
				INFOPLIST_KEY_UISupportedInterfaceOrientations_iPhone = "UIInterfaceOrientationPortrait UIInterfaceOrientationLandscapeLeft UIInterfaceOrientationLandscapeRight";
				LD_RUNPATH_SEARCH_PATHS = (
					"$(inherited)",
					"@executable_path/Frameworks",
				);
				MARKETING_VERSION = 1.0;
				PRODUCT_BUNDLE_IDENTIFIER = com.emanueledipietro;
				PRODUCT_NAME = "$(TARGET_NAME)";
				SWIFT_EMIT_LOC_STRINGS = YES;
				SWIFT_VERSION = 5.0;
				TARGETED_DEVICE_FAMILY = "1,2";
			};
			name = Release;
		};
/* End XCBuildConfiguration section */

/* Begin XCConfigurationList section */
		C0969FCC2B1F86340028BD61 /* Build configuration list for PBXProject "Ash To Cash" */ = {
			isa = XCConfigurationList;
			buildConfigurations = (
				C0969FDD2B1F86340028BD61 /* Debug */,
				C0969FDE2B1F86340028BD61 /* Release */,
			);
			defaultConfigurationIsVisible = 0;
			defaultConfigurationName = Release;
		};
		C0969FDF2B1F86340028BD61 /* Build configuration list for PBXNativeTarget "Ash To Cash" */ = {
			isa = XCConfigurationList;
			buildConfigurations = (
				C0969FE02B1F86340028BD61 /* Debug */,
				C0969FE12B1F86340028BD61 /* Release */,
			);
			defaultConfigurationIsVisible = 0;
			defaultConfigurationName = Release;
		};
/* End XCConfigurationList section */
	};
	rootObject = C0969FC92B1F86340028BD61 /* Project object */;
}
